
Microsoft Visual Studio Solution File, Format Version 12.00
# Visual Studio Version 16
VisualStudioVersion = 16.0.31624.102
MinimumVisualStudioVersion = 10.0.40219.1
Project("{FAE04EC0-301F-11D3-BF4B-00C04F79EFBC}") = "BulkyBook", "BulkyBook\BulkyBook.csproj", "{BD2D70EC-9E73-499D-B97F-6F1A04B0A02B}"
EndProject
Project("{FAE04EC0-301F-11D3-BF4B-00C04F79EFBC}") = "BulkyBook.DataAccess", "BulkyBook.DataAccess\BulkyBook.DataAccess.csproj", "{5E21C3F3-D1C3-4823-B469-217D51F38969}"
EndProject
Project("{FAE04EC0-301F-11D3-BF4B-00C04F79EFBC}") = "BulkyBook.Models", "BulkyBook.Models\BulkyBook.Models.csproj", "{C1C480F4-7ABA-41DC-A0BA-2847E58E0830}"
EndProject
Project("{FAE04EC0-301F-11D3-BF4B-00C04F79EFBC}") = "BulkyBook.Utility", "BulkyBook.Utility\BulkyBook.Utility.csproj", "{0CF47714-6F32-4B25-9899-C701CBA58B5F}"
EndProject
Global
	GlobalSection(SolutionConfigurationPlatforms) = preSolution
		Debug|Any CPU = Debug|Any CPU
		Release|Any CPU = Release|Any CPU
	EndGlobalSection
	GlobalSection(ProjectConfigurationPlatforms) = postSolution
		{BD2D70EC-9E73-499D-B97F-6F1A04B0A02B}.Debug|Any CPU.ActiveCfg = Debug|Any CPU
		{BD2D70EC-9E73-499D-B97F-6F1A04B0A02B}.Debug|Any CPU.Build.0 = Debug|Any CPU
		{BD2D70EC-9E73-499D-B97F-6F1A04B0A02B}.Release|Any CPU.ActiveCfg = Release|Any CPU
		{BD2D70EC-9E73-499D-B97F-6F1A04B0A02B}.Release|Any CPU.Build.0 = Release|Any CPU
		{5E21C3F3-D1C3-4823-B469-217D51F38969}.Debug|Any CPU.ActiveCfg = Debug|Any CPU
		{5E21C3F3-D1C3-4823-B469-217D51F38969}.Debug|Any CPU.Build.0 = Debug|Any CPU
		{5E21C3F3-D1C3-4823-B469-217D51F38969}.Release|Any CPU.ActiveCfg = Release|Any CPU
		{5E21C3F3-D1C3-4823-B469-217D51F38969}.Release|Any CPU.Build.0 = Release|Any CPU
		{C1C480F4-7ABA-41DC-A0BA-2847E58E0830}.Debug|Any CPU.ActiveCfg = Debug|Any CPU
		{C1C480F4-7ABA-41DC-A0BA-2847E58E0830}.Debug|Any CPU.Build.0 = Debug|Any CPU
		{C1C480F4-7ABA-41DC-A0BA-2847E58E0830}.Release|Any CPU.ActiveCfg = Release|Any CPU
		{C1C480F4-7ABA-41DC-A0BA-2847E58E0830}.Release|Any CPU.Build.0 = Release|Any CPU
		{0CF47714-6F32-4B25-9899-C701CBA58B5F}.Debug|Any CPU.ActiveCfg = Debug|Any CPU
		{0CF47714-6F32-4B25-9899-C701CBA58B5F}.Debug|Any CPU.Build.0 = Debug|Any CPU
		{0CF47714-6F32-4B25-9899-C701CBA58B5F}.Release|Any CPU.ActiveCfg = Release|Any CPU
		{0CF47714-6F32-4B25-9899-C701CBA58B5F}.Release|Any CPU.Build.0 = Release|Any CPU
	EndGlobalSection
	GlobalSection(SolutionProperties) = preSolution
		HideSolutionNode = FALSE
	EndGlobalSection
	GlobalSection(ExtensibilityGlobals) = postSolution
		SolutionGuid = {B9DBF852-3669-4442-B75A-8DB934D45AD1}
	EndGlobalSection
EndGlobal
